
Microsoft Visual Studio Solution File, Format Version 12.00
# Visual Studio Version 17
VisualStudioVersion = 17.11.35219.272
MinimumVisualStudioVersion = 10.0.40219.1
Project("{2150E333-8FDC-42A3-9474-1A3956D46DE8}") = "src", "src", "{71BA627E-3064-4305-B405-D1E05C4F0756}"
EndProject
Project("{2150E333-8FDC-42A3-9474-1A3956D46DE8}") = "Solution Items", "Solution Items", "{0688918E-E7D3-4077-B0E6-A865F3BED2B1}"
	ProjectSection(SolutionItems) = preProject
		docker-compose.yml = docker-compose.yml
	EndProjectSection
EndProject
Project("{2150E333-8FDC-42A3-9474-1A3956D46DE8}") = "tests", "tests", "{4A3BD244-37AD-4BE9-B73B-2DED723EA5E5}"
EndProject
Project("{9A19103F-16F7-4668-BE54-9A1E7A4F7556}") = "Clients.Api.Tests", "tests\Clients.Api.Tests\Clients.Api.Tests.csproj", "{63385BCF-68B4-4CD7-8573-DEB1FA62A213}"
EndProject
Project("{9A19103F-16F7-4668-BE54-9A1E7A4F7556}") = "RiskEvaluator", "src\RiskEvaluator\RiskEvaluator.csproj", "{05342B18-ABA0-4A17-99C6-D18AAD3CC813}"
EndProject
Project("{9A19103F-16F7-4668-BE54-9A1E7A4F7556}") = "RiskEvaluator.Tests", "tests\RiskEvaluator.Tests\RiskEvaluator.Tests.csproj", "{9E599916-A58A-4ADD-A2BB-9A5F1FB62C9E}"
EndProject
Project("{9A19103F-16F7-4668-BE54-9A1E7A4F7556}") = "Accounts", "src\Accounts\Accounts.csproj", "{6D9F1AF3-239F-4463-8204-1017086FDB36}"
EndProject
Project("{9A19103F-16F7-4668-BE54-9A1E7A4F7556}") = "Clients.Contracts", "src\Clients.Contracts\Clients.Contracts.csproj", "{3C729147-73AF-4F07-957D-CD557E7A5B5B}"
EndProject
Project("{9A19103F-16F7-4668-BE54-9A1E7A4F7556}") = "Accounts.Tests", "tests\Accounts.Tests\Accounts.Tests.csproj", "{11926E4F-F976-43F2-BCCC-6B57F821DE14}"
EndProject
Project("{9A19103F-16F7-4668-BE54-9A1E7A4F7556}") = "Testing.Utilities", "tests\Testing.Utilities\Testing.Utilities.csproj", "{A050D6B3-2201-4891-9541-C91B84D72D28}"
EndProject
Project("{9A19103F-16F7-4668-BE54-9A1E7A4F7556}") = "Accounts.Contracts", "src\Accounts.Contracts\Accounts.Contracts.csproj", "{5F8C7203-108E-4327-B3BB-20D10AA987DA}"
EndProject
Project("{9A19103F-16F7-4668-BE54-9A1E7A4F7556}") = "Notifications", "src\Notifications\Notifications.csproj", "{349A06E1-5A90-4CEB-AF8E-783AF4FF160C}"
EndProject
Project("{9A19103F-16F7-4668-BE54-9A1E7A4F7556}") = "Infrastructure.RabbitMQ", "src\Infrastructure.RabbitMQ\Infrastructure.RabbitMQ.csproj", "{2DFF606C-B7AC-4EC4-A630-ADA53BAD4899}"
EndProject
Project("{9A19103F-16F7-4668-BE54-9A1E7A4F7556}") = "Reporting", "src\Reporting\Reporting.csproj", "{BE6BB36A-2BE1-4A19-96A6-8B6FAD3FA4EF}"
EndProject
Project("{9A19103F-16F7-4668-BE54-9A1E7A4F7556}") = "ConsoleTool", "src\ConsoleTool\ConsoleTool.csproj", "{49FE73C9-2973-45F7-999F-8A84CE8A27B4}"
EndProject
Project("{9A19103F-16F7-4668-BE54-9A1E7A4F7556}") = "Clients.Api", "src\Clients.Api\Clients.Api.csproj", "{27FCDEA9-EB38-4F66-A336-684961A5725D}"
EndProject
Global
	GlobalSection(SolutionConfigurationPlatforms) = preSolution
		Debug|Any CPU = Debug|Any CPU
		Release|Any CPU = Release|Any CPU
	EndGlobalSection
	GlobalSection(ProjectConfigurationPlatforms) = postSolution
		{63385BCF-68B4-4CD7-8573-DEB1FA62A213}.Debug|Any CPU.ActiveCfg = Debug|Any CPU
		{63385BCF-68B4-4CD7-8573-DEB1FA62A213}.Debug|Any CPU.Build.0 = Debug|Any CPU
		{63385BCF-68B4-4CD7-8573-DEB1FA62A213}.Release|Any CPU.ActiveCfg = Release|Any CPU
		{63385BCF-68B4-4CD7-8573-DEB1FA62A213}.Release|Any CPU.Build.0 = Release|Any CPU
		{05342B18-ABA0-4A17-99C6-D18AAD3CC813}.Debug|Any CPU.ActiveCfg = Debug|Any CPU
		{05342B18-ABA0-4A17-99C6-D18AAD3CC813}.Debug|Any CPU.Build.0 = Debug|Any CPU
		{05342B18-ABA0-4A17-99C6-D18AAD3CC813}.Release|Any CPU.ActiveCfg = Release|Any CPU
		{05342B18-ABA0-4A17-99C6-D18AAD3CC813}.Release|Any CPU.Build.0 = Release|Any CPU
		{9E599916-A58A-4ADD-A2BB-9A5F1FB62C9E}.Debug|Any CPU.ActiveCfg = Debug|Any CPU
		{9E599916-A58A-4ADD-A2BB-9A5F1FB62C9E}.Debug|Any CPU.Build.0 = Debug|Any CPU
		{9E599916-A58A-4ADD-A2BB-9A5F1FB62C9E}.Release|Any CPU.ActiveCfg = Release|Any CPU
		{9E599916-A58A-4ADD-A2BB-9A5F1FB62C9E}.Release|Any CPU.Build.0 = Release|Any CPU
		{6D9F1AF3-239F-4463-8204-1017086FDB36}.Debug|Any CPU.ActiveCfg = Debug|Any CPU
		{6D9F1AF3-239F-4463-8204-1017086FDB36}.Debug|Any CPU.Build.0 = Debug|Any CPU
		{6D9F1AF3-239F-4463-8204-1017086FDB36}.Release|Any CPU.ActiveCfg = Release|Any CPU
		{6D9F1AF3-239F-4463-8204-1017086FDB36}.Release|Any CPU.Build.0 = Release|Any CPU
		{3C729147-73AF-4F07-957D-CD557E7A5B5B}.Debug|Any CPU.ActiveCfg = Debug|Any CPU
		{3C729147-73AF-4F07-957D-CD557E7A5B5B}.Debug|Any CPU.Build.0 = Debug|Any CPU
		{3C729147-73AF-4F07-957D-CD557E7A5B5B}.Release|Any CPU.ActiveCfg = Release|Any CPU
		{3C729147-73AF-4F07-957D-CD557E7A5B5B}.Release|Any CPU.Build.0 = Release|Any CPU
		{11926E4F-F976-43F2-BCCC-6B57F821DE14}.Debug|Any CPU.ActiveCfg = Debug|Any CPU
		{11926E4F-F976-43F2-BCCC-6B57F821DE14}.Debug|Any CPU.Build.0 = Debug|Any CPU
		{11926E4F-F976-43F2-BCCC-6B57F821DE14}.Release|Any CPU.ActiveCfg = Release|Any CPU
		{11926E4F-F976-43F2-BCCC-6B57F821DE14}.Release|Any CPU.Build.0 = Release|Any CPU
		{A050D6B3-2201-4891-9541-C91B84D72D28}.Debug|Any CPU.ActiveCfg = Debug|Any CPU
		{A050D6B3-2201-4891-9541-C91B84D72D28}.Debug|Any CPU.Build.0 = Debug|Any CPU
		{A050D6B3-2201-4891-9541-C91B84D72D28}.Release|Any CPU.ActiveCfg = Release|Any CPU
		{A050D6B3-2201-4891-9541-C91B84D72D28}.Release|Any CPU.Build.0 = Release|Any CPU
		{5F8C7203-108E-4327-B3BB-20D10AA987DA}.Debug|Any CPU.ActiveCfg = Debug|Any CPU
		{5F8C7203-108E-4327-B3BB-20D10AA987DA}.Debug|Any CPU.Build.0 = Debug|Any CPU
		{5F8C7203-108E-4327-B3BB-20D10AA987DA}.Release|Any CPU.ActiveCfg = Release|Any CPU
		{5F8C7203-108E-4327-B3BB-20D10AA987DA}.Release|Any CPU.Build.0 = Release|Any CPU
		{349A06E1-5A90-4CEB-AF8E-783AF4FF160C}.Debug|Any CPU.ActiveCfg = Debug|Any CPU
		{349A06E1-5A90-4CEB-AF8E-783AF4FF160C}.Debug|Any CPU.Build.0 = Debug|Any CPU
		{349A06E1-5A90-4CEB-AF8E-783AF4FF160C}.Release|Any CPU.ActiveCfg = Release|Any CPU
		{349A06E1-5A90-4CEB-AF8E-783AF4FF160C}.Release|Any CPU.Build.0 = Release|Any CPU
		{2DFF606C-B7AC-4EC4-A630-ADA53BAD4899}.Debug|Any CPU.ActiveCfg = Debug|Any CPU
		{2DFF606C-B7AC-4EC4-A630-ADA53BAD4899}.Debug|Any CPU.Build.0 = Debug|Any CPU
		{2DFF606C-B7AC-4EC4-A630-ADA53BAD4899}.Release|Any CPU.ActiveCfg = Release|Any CPU
		{2DFF606C-B7AC-4EC4-A630-ADA53BAD4899}.Release|Any CPU.Build.0 = Release|Any CPU
		{BE6BB36A-2BE1-4A19-96A6-8B6FAD3FA4EF}.Debug|Any CPU.ActiveCfg = Debug|Any CPU
		{BE6BB36A-2BE1-4A19-96A6-8B6FAD3FA4EF}.Debug|Any CPU.Build.0 = Debug|Any CPU
		{BE6BB36A-2BE1-4A19-96A6-8B6FAD3FA4EF}.Release|Any CPU.ActiveCfg = Release|Any CPU
		{BE6BB36A-2BE1-4A19-96A6-8B6FAD3FA4EF}.Release|Any CPU.Build.0 = Release|Any CPU
		{49FE73C9-2973-45F7-999F-8A84CE8A27B4}.Debug|Any CPU.ActiveCfg = Debug|Any CPU
		{49FE73C9-2973-45F7-999F-8A84CE8A27B4}.Debug|Any CPU.Build.0 = Debug|Any CPU
		{49FE73C9-2973-45F7-999F-8A84CE8A27B4}.Release|Any CPU.ActiveCfg = Release|Any CPU
		{49FE73C9-2973-45F7-999F-8A84CE8A27B4}.Release|Any CPU.Build.0 = Release|Any CPU
		{27FCDEA9-EB38-4F66-A336-684961A5725D}.Debug|Any CPU.ActiveCfg = Debug|Any CPU
		{27FCDEA9-EB38-4F66-A336-684961A5725D}.Debug|Any CPU.Build.0 = Debug|Any CPU
		{27FCDEA9-EB38-4F66-A336-684961A5725D}.Release|Any CPU.ActiveCfg = Release|Any CPU
		{27FCDEA9-EB38-4F66-A336-684961A5725D}.Release|Any CPU.Build.0 = Release|Any CPU
	EndGlobalSection
	GlobalSection(SolutionProperties) = preSolution
		HideSolutionNode = FALSE
	EndGlobalSection
	GlobalSection(NestedProjects) = preSolution
		{63385BCF-68B4-4CD7-8573-DEB1FA62A213} = {4A3BD244-37AD-4BE9-B73B-2DED723EA5E5}
		{05342B18-ABA0-4A17-99C6-D18AAD3CC813} = {71BA627E-3064-4305-B405-D1E05C4F0756}
		{9E599916-A58A-4ADD-A2BB-9A5F1FB62C9E} = {4A3BD244-37AD-4BE9-B73B-2DED723EA5E5}
		{6D9F1AF3-239F-4463-8204-1017086FDB36} = {71BA627E-3064-4305-B405-D1E05C4F0756}
		{3C729147-73AF-4F07-957D-CD557E7A5B5B} = {71BA627E-3064-4305-B405-D1E05C4F0756}
		{11926E4F-F976-43F2-BCCC-6B57F821DE14} = {4A3BD244-37AD-4BE9-B73B-2DED723EA5E5}
		{A050D6B3-2201-4891-9541-C91B84D72D28} = {4A3BD244-37AD-4BE9-B73B-2DED723EA5E5}
		{5F8C7203-108E-4327-B3BB-20D10AA987DA} = {71BA627E-3064-4305-B405-D1E05C4F0756}
		{349A06E1-5A90-4CEB-AF8E-783AF4FF160C} = {71BA627E-3064-4305-B405-D1E05C4F0756}
		{2DFF606C-B7AC-4EC4-A630-ADA53BAD4899} = {71BA627E-3064-4305-B405-D1E05C4F0756}
		{BE6BB36A-2BE1-4A19-96A6-8B6FAD3FA4EF} = {71BA627E-3064-4305-B405-D1E05C4F0756}
		{49FE73C9-2973-45F7-999F-8A84CE8A27B4} = {71BA627E-3064-4305-B405-D1E05C4F0756}
		{27FCDEA9-EB38-4F66-A336-684961A5725D} = {71BA627E-3064-4305-B405-D1E05C4F0756}
	EndGlobalSection
	GlobalSection(ExtensibilityGlobals) = postSolution
		SolutionGuid = {B5747E05-DEB2-4689-A446-8948C531312F}
	EndGlobalSection
EndGlobal
